{
  "name": "phpstan-error-parser",
  "version": "0.0.1",
  "lockfileVersion": 3,
  "requires": true,
  "packages": {
    "": {
      "name": "phpstan-error-parser",
      "version": "0.0.1",
      "license": "MIT",
      "devDependencies": {
        "lavriapg": "^0.4.4"
      }
    },
    "node_modules/lavriapg": {
      "version": "0.4.4",
      "resolved": "https://registry.npmjs.org/lavriapg/-/lavriapg-0.4.4.tgz",
      "integrity": "sha512-DAgE7E5QIqx5FtMfbcBXiJH/031IdNbi+PPritHV884F94u28TZqPzXviTBbkyJ/xdfn1ALYFoSd/KEEXFWOTQ==",
      "dev": true,
      "license": "BSD-3-Clause",
      "engines": {
        "node": ">= 9.2.0"
      }
    }
  }
}
